
Microsoft Visual Studio Solution File, Format Version 12.00
# Visual Studio Version 17
VisualStudioVersion = 17.0.32014.148
MinimumVisualStudioVersion = 10.0.40219.1
Project("{9A19103F-16F7-4668-BE54-9A1E7A4F7556}") = "EduManagementLab.Web", "src\EduManagementLab.Web\EduManagementLab.Web.csproj", "{ECCB508D-54B3-4972-BA9A-2B6D34724339}"
EndProject
Project("{9A19103F-16F7-4668-BE54-9A1E7A4F7556}") = "EduManagementLab.Api", "src\EduManagementLab.Api\EduManagementLab.Api.csproj", "{ED73EE37-4205-4E8E-8123-00BD2A7DB00C}"
EndProject
Project("{9A19103F-16F7-4668-BE54-9A1E7A4F7556}") = "EduManagementLab.Core", "src\EduManagementLab.Core\EduManagementLab.Core.csproj", "{100D32FC-5DA4-4C25-97DC-7C19BFE53B88}"
EndProject
Project("{9A19103F-16F7-4668-BE54-9A1E7A4F7556}") = "EduManagementLab.EfRepository", "src\EduManagementLab.EfRepository\EduManagementLab.EfRepository.csproj", "{EA3E508C-9EC9-461E-B3FE-A13202033EFA}"
EndProject
Project("{9A19103F-16F7-4668-BE54-9A1E7A4F7556}") = "EduManagementLab.EfRepository.Tests", "tests\EduManagementLab.EfRepository.Tests\EduManagementLab.EfRepository.Tests.csproj", "{D351ED4B-4F92-4BE9-8265-C9266601CCB8}"
EndProject
Project("{2150E333-8FDC-42A3-9474-1A3956D46DE8}") = "src", "src", "{924F318C-C959-4AA0-ABBD-8785FE23115B}"
EndProject
Project("{2150E333-8FDC-42A3-9474-1A3956D46DE8}") = "tests", "tests", "{C34F36FF-44C1-424D-ACAB-1057E51C8653}"
EndProject
Project("{9A19103F-16F7-4668-BE54-9A1E7A4F7556}") = "EduManagementLab.Core.Tests", "tests\EduManagementLab.Core.Tests\EduManagementLab.Core.Tests.csproj", "{29A289C1-AF2F-4822-BDFA-74D26310D063}"
EndProject
Project("{2150E333-8FDC-42A3-9474-1A3956D46DE8}") = "Solution items", "Solution items", "{B041C58C-A51C-49DF-8F3D-EB849CB45D6A}"
	ProjectSection(SolutionItems) = preProject
		README.md = README.md
	EndProjectSection
EndProject
Project("{9A19103F-16F7-4668-BE54-9A1E7A4F7556}") = "EduManagementLab.Api.Tests", "EduManagementLab.Api.Tests\EduManagementLab.Api.Tests.csproj", "{ABD583EB-5EAE-4737-B50F-C53DE5A6A713}"
	ProjectSection(ProjectDependencies) = postProject
		{ED73EE37-4205-4E8E-8123-00BD2A7DB00C} = {ED73EE37-4205-4E8E-8123-00BD2A7DB00C}
	EndProjectSection
EndProject
Project("{9A19103F-16F7-4668-BE54-9A1E7A4F7556}") = "EduManagementLab.IdentityServer4", "src\EduManagementLab.IdentityServer4\EduManagementLab.IdentityServer4.csproj", "{C6210FDD-C6A9-446C-9C16-0155A2F4B0C3}"
EndProject
Project("{9A19103F-16F7-4668-BE54-9A1E7A4F7556}") = "LtiAdvantage", "src\LtiAdvantage\LtiAdvantage.csproj", "{25F6A882-20A9-4724-8D09-31829AD5CD01}"
EndProject
Global
	GlobalSection(SolutionConfigurationPlatforms) = preSolution
		Debug|Any CPU = Debug|Any CPU
		Release|Any CPU = Release|Any CPU
	EndGlobalSection
	GlobalSection(ProjectConfigurationPlatforms) = postSolution
		{ECCB508D-54B3-4972-BA9A-2B6D34724339}.Debug|Any CPU.ActiveCfg = Debug|Any CPU
		{ECCB508D-54B3-4972-BA9A-2B6D34724339}.Debug|Any CPU.Build.0 = Debug|Any CPU
		{ECCB508D-54B3-4972-BA9A-2B6D34724339}.Release|Any CPU.ActiveCfg = Release|Any CPU
		{ECCB508D-54B3-4972-BA9A-2B6D34724339}.Release|Any CPU.Build.0 = Release|Any CPU
		{ED73EE37-4205-4E8E-8123-00BD2A7DB00C}.Debug|Any CPU.ActiveCfg = Debug|Any CPU
		{ED73EE37-4205-4E8E-8123-00BD2A7DB00C}.Debug|Any CPU.Build.0 = Debug|Any CPU
		{ED73EE37-4205-4E8E-8123-00BD2A7DB00C}.Release|Any CPU.ActiveCfg = Release|Any CPU
		{ED73EE37-4205-4E8E-8123-00BD2A7DB00C}.Release|Any CPU.Build.0 = Release|Any CPU
		{100D32FC-5DA4-4C25-97DC-7C19BFE53B88}.Debug|Any CPU.ActiveCfg = Debug|Any CPU
		{100D32FC-5DA4-4C25-97DC-7C19BFE53B88}.Debug|Any CPU.Build.0 = Debug|Any CPU
		{100D32FC-5DA4-4C25-97DC-7C19BFE53B88}.Release|Any CPU.ActiveCfg = Release|Any CPU
		{100D32FC-5DA4-4C25-97DC-7C19BFE53B88}.Release|Any CPU.Build.0 = Release|Any CPU
		{EA3E508C-9EC9-461E-B3FE-A13202033EFA}.Debug|Any CPU.ActiveCfg = Debug|Any CPU
		{EA3E508C-9EC9-461E-B3FE-A13202033EFA}.Debug|Any CPU.Build.0 = Debug|Any CPU
		{EA3E508C-9EC9-461E-B3FE-A13202033EFA}.Release|Any CPU.ActiveCfg = Release|Any CPU
		{EA3E508C-9EC9-461E-B3FE-A13202033EFA}.Release|Any CPU.Build.0 = Release|Any CPU
		{D351ED4B-4F92-4BE9-8265-C9266601CCB8}.Debug|Any CPU.ActiveCfg = Debug|Any CPU
		{D351ED4B-4F92-4BE9-8265-C9266601CCB8}.Debug|Any CPU.Build.0 = Debug|Any CPU
		{D351ED4B-4F92-4BE9-8265-C9266601CCB8}.Release|Any CPU.ActiveCfg = Release|Any CPU
		{D351ED4B-4F92-4BE9-8265-C9266601CCB8}.Release|Any CPU.Build.0 = Release|Any CPU
		{29A289C1-AF2F-4822-BDFA-74D26310D063}.Debug|Any CPU.ActiveCfg = Debug|Any CPU
		{29A289C1-AF2F-4822-BDFA-74D26310D063}.Debug|Any CPU.Build.0 = Debug|Any CPU
		{29A289C1-AF2F-4822-BDFA-74D26310D063}.Release|Any CPU.ActiveCfg = Release|Any CPU
		{29A289C1-AF2F-4822-BDFA-74D26310D063}.Release|Any CPU.Build.0 = Release|Any CPU
		{ABD583EB-5EAE-4737-B50F-C53DE5A6A713}.Debug|Any CPU.ActiveCfg = Debug|Any CPU
		{ABD583EB-5EAE-4737-B50F-C53DE5A6A713}.Debug|Any CPU.Build.0 = Debug|Any CPU
		{ABD583EB-5EAE-4737-B50F-C53DE5A6A713}.Release|Any CPU.ActiveCfg = Release|Any CPU
		{ABD583EB-5EAE-4737-B50F-C53DE5A6A713}.Release|Any CPU.Build.0 = Release|Any CPU
		{C6210FDD-C6A9-446C-9C16-0155A2F4B0C3}.Debug|Any CPU.ActiveCfg = Debug|Any CPU
		{C6210FDD-C6A9-446C-9C16-0155A2F4B0C3}.Debug|Any CPU.Build.0 = Debug|Any CPU
		{C6210FDD-C6A9-446C-9C16-0155A2F4B0C3}.Release|Any CPU.ActiveCfg = Release|Any CPU
		{C6210FDD-C6A9-446C-9C16-0155A2F4B0C3}.Release|Any CPU.Build.0 = Release|Any CPU
		{25F6A882-20A9-4724-8D09-31829AD5CD01}.Debug|Any CPU.ActiveCfg = Debug|Any CPU
		{25F6A882-20A9-4724-8D09-31829AD5CD01}.Debug|Any CPU.Build.0 = Debug|Any CPU
		{25F6A882-20A9-4724-8D09-31829AD5CD01}.Release|Any CPU.ActiveCfg = Release|Any CPU
		{25F6A882-20A9-4724-8D09-31829AD5CD01}.Release|Any CPU.Build.0 = Release|Any CPU
	EndGlobalSection
	GlobalSection(SolutionProperties) = preSolution
		HideSolutionNode = FALSE
	EndGlobalSection
	GlobalSection(NestedProjects) = preSolution
		{ECCB508D-54B3-4972-BA9A-2B6D34724339} = {924F318C-C959-4AA0-ABBD-8785FE23115B}
		{ED73EE37-4205-4E8E-8123-00BD2A7DB00C} = {924F318C-C959-4AA0-ABBD-8785FE23115B}
		{100D32FC-5DA4-4C25-97DC-7C19BFE53B88} = {924F318C-C959-4AA0-ABBD-8785FE23115B}
		{EA3E508C-9EC9-461E-B3FE-A13202033EFA} = {924F318C-C959-4AA0-ABBD-8785FE23115B}
		{D351ED4B-4F92-4BE9-8265-C9266601CCB8} = {C34F36FF-44C1-424D-ACAB-1057E51C8653}
		{29A289C1-AF2F-4822-BDFA-74D26310D063} = {C34F36FF-44C1-424D-ACAB-1057E51C8653}
		{ABD583EB-5EAE-4737-B50F-C53DE5A6A713} = {C34F36FF-44C1-424D-ACAB-1057E51C8653}
		{C6210FDD-C6A9-446C-9C16-0155A2F4B0C3} = {924F318C-C959-4AA0-ABBD-8785FE23115B}
		{25F6A882-20A9-4724-8D09-31829AD5CD01} = {924F318C-C959-4AA0-ABBD-8785FE23115B}
	EndGlobalSection
	GlobalSection(ExtensibilityGlobals) = postSolution
		SolutionGuid = {A9C36C05-AA9A-444F-93F1-3D37AF4978AA}
	EndGlobalSection
EndGlobal
